
Microsoft Visual Studio Solution File, Format Version 12.00
# Visual Studio Version 16
VisualStudioVersion = 16.0.31729.503
MinimumVisualStudioVersion = 10.0.40219.1
Project("{FAE04EC0-301F-11D3-BF4B-00C04F79EFBC}") = "OOPrefundcounter", "OOPrefundcounter\OOPrefundcounter.csproj", "{29ED0438-F354-408D-89F4-D544E8ADEBBE}"
EndProject
Global
	GlobalSection(SolutionConfigurationPlatforms) = preSolution
		Debug|Any CPU = Debug|Any CPU
		Release|Any CPU = Release|Any CPU
	EndGlobalSection
	GlobalSection(ProjectConfigurationPlatforms) = postSolution
		{29ED0438-F354-408D-89F4-D544E8ADEBBE}.Debug|Any CPU.ActiveCfg = Debug|Any CPU
		{29ED0438-F354-408D-89F4-D544E8ADEBBE}.Debug|Any CPU.Build.0 = Debug|Any CPU
		{29ED0438-F354-408D-89F4-D544E8ADEBBE}.Release|Any CPU.ActiveCfg = Release|Any CPU
		{29ED0438-F354-408D-89F4-D544E8ADEBBE}.Release|Any CPU.Build.0 = Release|Any CPU
	EndGlobalSection
	GlobalSection(SolutionProperties) = preSolution
		HideSolutionNode = FALSE
	EndGlobalSection
	GlobalSection(ExtensibilityGlobals) = postSolution
		SolutionGuid = {50D8F2DD-432B-4873-A12B-BB4AF339BA25}
	EndGlobalSection
EndGlobal
